// !$*UTF8*$!
{
	archiveVersion = 1;
	classes = {
	};
	objectVersion = 77;
	objects = {

/* Begin PBXContainerItemProxy section */
		E60060652E11D8FC009D32B1 /* PBXContainerItemProxy */ = {
			isa = PBXContainerItemProxy;
			containerPortal = E600604A2E11D8FB009D32B1 /* Project object */;
			proxyType = 1;
			remoteGlobalIDString = E60060512E11D8FB009D32B1;
			remoteInfo = TopTenVer2;
		};
		E600606F2E11D8FC009D32B1 /* PBXContainerItemProxy */ = {
			isa = PBXContainerItemProxy;
			containerPortal = E600604A2E11D8FB009D32B1 /* Project object */;
			proxyType = 1;
			remoteGlobalIDString = E60060512E11D8FB009D32B1;
			remoteInfo = TopTenVer2;
		};
/* End PBXContainerItemProxy section */

/* Begin PBXFileReference section */
		E60060522E11D8FB009D32B1 /* TopTenVer2.app */ = {isa = PBXFileReference; explicitFileType = wrapper.application; includeInIndex = 0; path = TopTenVer2.app; sourceTree = BUILT_PRODUCTS_DIR; };
		E60060642E11D8FC009D32B1 /* TopTenVer2Tests.xctest */ = {isa = PBXFileReference; explicitFileType = wrapper.cfbundle; includeInIndex = 0; path = TopTenVer2Tests.xctest; sourceTree = BUILT_PRODUCTS_DIR; };
		E600606E2E11D8FC009D32B1 /* TopTenVer2UITests.xctest */ = {isa = PBXFileReference; explicitFileType = wrapper.cfbundle; includeInIndex = 0; path = TopTenVer2UITests.xctest; sourceTree = BUILT_PRODUCTS_DIR; };
/* End PBXFileReference section */

/* Begin PBXFileSystemSynchronizedRootGroup section */
		E60060542E11D8FB009D32B1 /* TopTenVer2 */ = {
			isa = PBXFileSystemSynchronizedRootGroup;
			path = TopTenVer2;
			sourceTree = "<group>";
		};
		E60060672E11D8FC009D32B1 /* TopTenVer2Tests */ = {
			isa = PBXFileSystemSynchronizedRootGroup;
			path = TopTenVer2Tests;
			sourceTree = "<group>";
		};
		E60060712E11D8FC009D32B1 /* TopTenVer2UITests */ = {
			isa = PBXFileSystemSynchronizedRootGroup;
			path = TopTenVer2UITests;
			sourceTree = "<group>";
		};
/* End PBXFileSystemSynchronizedRootGroup section */

/* Begin PBXFrameworksBuildPhase section */
		E600604F2E11D8FB009D32B1 /* Frameworks */ = {
			isa = PBXFrameworksBuildPhase;
			buildActionMask = 2147483647;
			files = (
			);
			runOnlyForDeploymentPostprocessing = 0;
		};
		E60060612E11D8FC009D32B1 /* Frameworks */ = {
			isa = PBXFrameworksBuildPhase;
			buildActionMask = 2147483647;
			files = (
			);
			runOnlyForDeploymentPostprocessing = 0;
		};
		E600606B2E11D8FC009D32B1 /* Frameworks */ = {
			isa = PBXFrameworksBuildPhase;
			buildActionMask = 2147483647;
			files = (
			);
			runOnlyForDeploymentPostprocessing = 0;
		};
/* End PBXFrameworksBuildPhase section */

/* Begin PBXGroup section */
		E60060492E11D8FB009D32B1 = {
			isa = PBXGroup;
			children = (
				E60060542E11D8FB009D32B1 /* TopTenVer2 */,
				E60060672E11D8FC009D32B1 /* TopTenVer2Tests */,
				E60060712E11D8FC009D32B1 /* TopTenVer2UITests */,
				E60060532E11D8FB009D32B1 /* Products */,
			);
			sourceTree = "<group>";
		};
		E60060532E11D8FB009D32B1 /* Products */ = {
			isa = PBXGroup;
			children = (
				E60060522E11D8FB009D32B1 /* TopTenVer2.app */,
				E60060642E11D8FC009D32B1 /* TopTenVer2Tests.xctest */,
				E600606E2E11D8FC009D32B1 /* TopTenVer2UITests.xctest */,
			);
			name = Products;
			sourceTree = "<group>";
		};
/* End PBXGroup section */

/* Begin PBXNativeTarget section */
		E60060512E11D8FB009D32B1 /* TopTenVer2 */ = {
			isa = PBXNativeTarget;
			buildConfigurationList = E60060782E11D8FC009D32B1 /* Build configuration list for PBXNativeTarget "TopTenVer2" */;
			buildPhases = (
				E600604E2E11D8FB009D32B1 /* Sources */,
				E600604F2E11D8FB009D32B1 /* Frameworks */,
				E60060502E11D8FB009D32B1 /* Resources */,
			);
			buildRules = (
			);
			dependencies = (
			);
			fileSystemSynchronizedGroups = (
				E60060542E11D8FB009D32B1 /* TopTenVer2 */,
			);
			name = TopTenVer2;
			packageProductDependencies = (
			);
			productName = TopTenVer2;
			productReference = E60060522E11D8FB009D32B1 /* TopTenVer2.app */;
			productType = "com.apple.product-type.application";
		};
		E60060632E11D8FC009D32B1 /* TopTenVer2Tests */ = {
			isa = PBXNativeTarget;
			buildConfigurationList = E600607B2E11D8FC009D32B1 /* Build configuration list for PBXNativeTarget "TopTenVer2Tests" */;
			buildPhases = (
				E60060602E11D8FC009D32B1 /* Sources */,
				E60060612E11D8FC009D32B1 /* Frameworks */,
				E60060622E11D8FC009D32B1 /* Resources */,
			);
			buildRules = (
			);
			dependencies = (
				E60060662E11D8FC009D32B1 /* PBXTargetDependency */,
			);
			fileSystemSynchronizedGroups = (
				E60060672E11D8FC009D32B1 /* TopTenVer2Tests */,
			);
			name = TopTenVer2Tests;
			packageProductDependencies = (
			);
			productName = TopTenVer2Tests;
			productReference = E60060642E11D8FC009D32B1 /* TopTenVer2Tests.xctest */;
			productType = "com.apple.product-type.bundle.unit-test";
		};
		E600606D2E11D8FC009D32B1 /* TopTenVer2UITests */ = {
			isa = PBXNativeTarget;
			buildConfigurationList = E600607E2E11D8FC009D32B1 /* Build configuration list for PBXNativeTarget "TopTenVer2UITests" */;
			buildPhases = (
				E600606A2E11D8FC009D32B1 /* Sources */,
				E600606B2E11D8FC009D32B1 /* Frameworks */,
				E600606C2E11D8FC009D32B1 /* Resources */,
			);
			buildRules = (
			);
			dependencies = (
				E60060702E11D8FC009D32B1 /* PBXTargetDependency */,
			);
			fileSystemSynchronizedGroups = (
				E60060712E11D8FC009D32B1 /* TopTenVer2UITests */,
			);
			name = TopTenVer2UITests;
			packageProductDependencies = (
			);
			productName = TopTenVer2UITests;
			productReference = E600606E2E11D8FC009D32B1 /* TopTenVer2UITests.xctest */;
			productType = "com.apple.product-type.bundle.ui-testing";
		};
/* End PBXNativeTarget section */

/* Begin PBXProject section */
		E600604A2E11D8FB009D32B1 /* Project object */ = {
			isa = PBXProject;
			attributes = {
				BuildIndependentTargetsInParallel = 1;
				LastSwiftUpdateCheck = 1610;
				LastUpgradeCheck = 1610;
				TargetAttributes = {
					E60060512E11D8FB009D32B1 = {
						CreatedOnToolsVersion = 16.1;
					};
					E60060632E11D8FC009D32B1 = {
						CreatedOnToolsVersion = 16.1;
						TestTargetID = E60060512E11D8FB009D32B1;
					};
					E600606D2E11D8FC009D32B1 = {
						CreatedOnToolsVersion = 16.1;
						TestTargetID = E60060512E11D8FB009D32B1;
					};
				};
			};
			buildConfigurationList = E600604D2E11D8FB009D32B1 /* Build configuration list for PBXProject "TopTenVer2" */;
			developmentRegion = en;
			hasScannedForEncodings = 0;
			knownRegions = (
				en,
				Base,
			);
			mainGroup = E60060492E11D8FB009D32B1;
			minimizedProjectReferenceProxies = 1;
			preferredProjectObjectVersion = 77;
			productRefGroup = E60060532E11D8FB009D32B1 /* Products */;
			projectDirPath = "";
			projectRoot = "";
			targets = (
				E60060512E11D8FB009D32B1 /* TopTenVer2 */,
				E60060632E11D8FC009D32B1 /* TopTenVer2Tests */,
				E600606D2E11D8FC009D32B1 /* TopTenVer2UITests */,
			);
		};
/* End PBXProject section */

/* Begin PBXResourcesBuildPhase section */
		E60060502E11D8FB009D32B1 /* Resources */ = {
			isa = PBXResourcesBuildPhase;
			buildActionMask = 2147483647;
			files = (
			);
			runOnlyForDeploymentPostprocessing = 0;
		};
		E60060622E11D8FC009D32B1 /* Resources */ = {
			isa = PBXResourcesBuildPhase;
			buildActionMask = 2147483647;
			files = (
			);
			runOnlyForDeploymentPostprocessing = 0;
		};
		E600606C2E11D8FC009D32B1 /* Resources */ = {
			isa = PBXResourcesBuildPhase;
			buildActionMask = 2147483647;
			files = (
			);
			runOnlyForDeploymentPostprocessing = 0;
		};
/* End PBXResourcesBuildPhase section */

/* Begin PBXSourcesBuildPhase section */
		E600604E2E11D8FB009D32B1 /* Sources */ = {
			isa = PBXSourcesBuildPhase;
			buildActionMask = 2147483647;
			files = (
			);
			runOnlyForDeploymentPostprocessing = 0;
		};
		E60060602E11D8FC009D32B1 /* Sources */ = {
			isa = PBXSourcesBuildPhase;
			buildActionMask = 2147483647;
			files = (
			);
			runOnlyForDeploymentPostprocessing = 0;
		};
		E600606A2E11D8FC009D32B1 /* Sources */ = {
			isa = PBXSourcesBuildPhase;
			buildActionMask = 2147483647;
			files = (
			);
			runOnlyForDeploymentPostprocessing = 0;
		};
/* End PBXSourcesBuildPhase section */

/* Begin PBXTargetDependency section */
		E60060662E11D8FC009D32B1 /* PBXTargetDependency */ = {
			isa = PBXTargetDependency;
			target = E60060512E11D8FB009D32B1 /* TopTenVer2 */;
			targetProxy = E60060652E11D8FC009D32B1 /* PBXContainerItemProxy */;
		};
		E60060702E11D8FC009D32B1 /* PBXTargetDependency */ = {
			isa = PBXTargetDependency;
			target = E60060512E11D8FB009D32B1 /* TopTenVer2 */;
			targetProxy = E600606F2E11D8FC009D32B1 /* PBXContainerItemProxy */;
		};
/* End PBXTargetDependency section */

/* Begin XCBuildConfiguration section */
		E60060762E11D8FC009D32B1 /* Debug */ = {
			isa = XCBuildConfiguration;
			buildSettings = {
				ALWAYS_SEARCH_USER_PATHS = NO;
				ASSETCATALOG_COMPILER_GENERATE_SWIFT_ASSET_SYMBOL_EXTENSIONS = YES;
				CLANG_ANALYZER_NONNULL = YES;
				CLANG_ANALYZER_NUMBER_OBJECT_CONVERSION = YES_AGGRESSIVE;
				CLANG_CXX_LANGUAGE_STANDARD = "gnu++20";
				CLANG_ENABLE_MODULES = YES;
				CLANG_ENABLE_OBJC_ARC = YES;
				CLANG_ENABLE_OBJC_WEAK = YES;
				CLANG_WARN_BLOCK_CAPTURE_AUTORELEASING = YES;
				CLANG_WARN_BOOL_CONVERSION = YES;
				CLANG_WARN_COMMA = YES;
				CLANG_WARN_CONSTANT_CONVERSION = YES;
				CLANG_WARN_DEPRECATED_OBJC_IMPLEMENTATIONS = YES;
				CLANG_WARN_DIRECT_OBJC_ISA_USAGE = YES_ERROR;
				CLANG_WARN_DOCUMENTATION_COMMENTS = YES;
				CLANG_WARN_EMPTY_BODY = YES;
				CLANG_WARN_ENUM_CONVERSION = YES;
				CLANG_WARN_INFINITE_RECURSION = YES;
				CLANG_WARN_INT_CONVERSION = YES;
				CLANG_WARN_NON_LITERAL_NULL_CONVERSION = YES;
				CLANG_WARN_OBJC_IMPLICIT_RETAIN_SELF = YES;
				CLANG_WARN_OBJC_LITERAL_CONVERSION = YES;
				CLANG_WARN_OBJC_ROOT_CLASS = YES_ERROR;
				CLANG_WARN_QUOTED_INCLUDE_IN_FRAMEWORK_HEADER = YES;
				CLANG_WARN_RANGE_LOOP_ANALYSIS = YES;
				CLANG_WARN_STRICT_PROTOTYPES = YES;
				CLANG_WARN_SUSPICIOUS_MOVE = YES;
				CLANG_WARN_UNGUARDED_AVAILABILITY = YES_AGGRESSIVE;
				CLANG_WARN_UNREACHABLE_CODE = YES;
				CLANG_WARN__DUPLICATE_METHOD_MATCH = YES;
				COPY_PHASE_STRIP = NO;
				DEBUG_INFORMATION_FORMAT = dwarf;
				ENABLE_STRICT_OBJC_MSGSEND = YES;
				ENABLE_TESTABILITY = YES;
				ENABLE_USER_SCRIPT_SANDBOXING = YES;
				GCC_C_LANGUAGE_STANDARD = gnu17;
				GCC_DYNAMIC_NO_PIC = NO;
				GCC_NO_COMMON_BLOCKS = YES;
				GCC_OPTIMIZATION_LEVEL = 0;
				GCC_PREPROCESSOR_DEFINITIONS = (
					"DEBUG=1",
					"$(inherited)",
				);
				GCC_WARN_64_TO_32_BIT_CONVERSION = YES;
				GCC_WARN_ABOUT_RETURN_TYPE = YES_ERROR;
				GCC_WARN_UNDECLARED_SELECTOR = YES;
				GCC_WARN_UNINITIALIZED_AUTOS = YES_AGGRESSIVE;
				GCC_WARN_UNUSED_FUNCTION = YES;
				GCC_WARN_UNUSED_VARIABLE = YES;
				IPHONEOS_DEPLOYMENT_TARGET = 18.1;
				LOCALIZATION_PREFERS_STRING_CATALOGS = YES;
				MTL_ENABLE_DEBUG_INFO = INCLUDE_SOURCE;
				MTL_FAST_MATH = YES;
				ONLY_ACTIVE_ARCH = YES;
				SDKROOT = iphoneos;
				SWIFT_ACTIVE_COMPILATION_CONDITIONS = "DEBUG $(inherited)";
				SWIFT_OPTIMIZATION_LEVEL = "-Onone";
			};
			name = Debug;
		};
		E60060772E11D8FC009D32B1 /* Release */ = {
			isa = XCBuildConfiguration;
			buildSettings = {
				ALWAYS_SEARCH_USER_PATHS = NO;
				ASSETCATALOG_COMPILER_GENERATE_SWIFT_ASSET_SYMBOL_EXTENSIONS = YES;
				CLANG_ANALYZER_NONNULL = YES;
				CLANG_ANALYZER_NUMBER_OBJECT_CONVERSION = YES_AGGRESSIVE;
				CLANG_CXX_LANGUAGE_STANDARD = "gnu++20";
				CLANG_ENABLE_MODULES = YES;
				CLANG_ENABLE_OBJC_ARC = YES;
				CLANG_ENABLE_OBJC_WEAK = YES;
				CLANG_WARN_BLOCK_CAPTURE_AUTORELEASING = YES;
				CLANG_WARN_BOOL_CONVERSION = YES;
				CLANG_WARN_COMMA = YES;
				CLANG_WARN_CONSTANT_CONVERSION = YES;
				CLANG_WARN_DEPRECATED_OBJC_IMPLEMENTATIONS = YES;
				CLANG_WARN_DIRECT_OBJC_ISA_USAGE = YES_ERROR;
				CLANG_WARN_DOCUMENTATION_COMMENTS = YES;
				CLANG_WARN_EMPTY_BODY = YES;
				CLANG_WARN_ENUM_CONVERSION = YES;
				CLANG_WARN_INFINITE_RECURSION = YES;
				CLANG_WARN_INT_CONVERSION = YES;
				CLANG_WARN_NON_LITERAL_NULL_CONVERSION = YES;
				CLANG_WARN_OBJC_IMPLICIT_RETAIN_SELF = YES;
				CLANG_WARN_OBJC_LITERAL_CONVERSION = YES;
				CLANG_WARN_OBJC_ROOT_CLASS = YES_ERROR;
				CLANG_WARN_QUOTED_INCLUDE_IN_FRAMEWORK_HEADER = YES;
				CLANG_WARN_RANGE_LOOP_ANALYSIS = YES;
				CLANG_WARN_STRICT_PROTOTYPES = YES;
				CLANG_WARN_SUSPICIOUS_MOVE = YES;
				CLANG_WARN_UNGUARDED_AVAILABILITY = YES_AGGRESSIVE;
				CLANG_WARN_UNREACHABLE_CODE = YES;
				CLANG_WARN__DUPLICATE_METHOD_MATCH = YES;
				COPY_PHASE_STRIP = NO;
				DEBUG_INFORMATION_FORMAT = "dwarf-with-dsym";
				ENABLE_NS_ASSERTIONS = NO;
				ENABLE_STRICT_OBJC_MSGSEND = YES;
				ENABLE_USER_SCRIPT_SANDBOXING = YES;
				GCC_C_LANGUAGE_STANDARD = gnu17;
				GCC_NO_COMMON_BLOCKS = YES;
				GCC_WARN_64_TO_32_BIT_CONVERSION = YES;
				GCC_WARN_ABOUT_RETURN_TYPE = YES_ERROR;
				GCC_WARN_UNDECLARED_SELECTOR = YES;
				GCC_WARN_UNINITIALIZED_AUTOS = YES_AGGRESSIVE;
				GCC_WARN_UNUSED_FUNCTION = YES;
				GCC_WARN_UNUSED_VARIABLE = YES;
				IPHONEOS_DEPLOYMENT_TARGET = 18.1;
				LOCALIZATION_PREFERS_STRING_CATALOGS = YES;
				MTL_ENABLE_DEBUG_INFO = NO;
				MTL_FAST_MATH = YES;
				SDKROOT = iphoneos;
				SWIFT_COMPILATION_MODE = wholemodule;
				VALIDATE_PRODUCT = YES;
			};
			name = Release;
		};
		E60060792E11D8FC009D32B1 /* Debug */ = {
			isa = XCBuildConfiguration;
			buildSettings = {
				ASSETCATALOG_COMPILER_APPICON_NAME = AppIcon;
				ASSETCATALOG_COMPILER_GLOBAL_ACCENT_COLOR_NAME = AccentColor;
				CODE_SIGN_STYLE = Automatic;
				CURRENT_PROJECT_VERSION = 1;
				DEVELOPMENT_ASSET_PATHS = "\"TopTenVer2/Preview Content\"";
				DEVELOPMENT_TEAM = FP9DU73W5F;
				ENABLE_PREVIEWS = YES;
				GENERATE_INFOPLIST_FILE = YES;
				INFOPLIST_KEY_CFBundleDisplayName = "Top Ten";
				INFOPLIST_KEY_LSApplicationCategoryType = "public.app-category.entertainment";
				INFOPLIST_KEY_UIApplicationSceneManifest_Generation = YES;
				INFOPLIST_KEY_UIApplicationSupportsIndirectInputEvents = YES;
				INFOPLIST_KEY_UILaunchScreen_Generation = YES;
				INFOPLIST_KEY_UISupportedInterfaceOrientations_iPad = "UIInterfaceOrientationPortrait UIInterfaceOrientationPortraitUpsideDown UIInterfaceOrientationLandscapeLeft UIInterfaceOrientationLandscapeRight";
				INFOPLIST_KEY_UISupportedInterfaceOrientations_iPhone = "UIInterfaceOrientationPortrait UIInterfaceOrientationLandscapeLeft UIInterfaceOrientationLandscapeRight";
				LD_RUNPATH_SEARCH_PATHS = (
					"$(inherited)",
					"@executable_path/Frameworks",
				);
				MARKETING_VERSION = 1.0;
				PRODUCT_BUNDLE_IDENTIFIER = nickh.TopTenVer2;
				PRODUCT_NAME = "$(TARGET_NAME)";
				SWIFT_EMIT_LOC_STRINGS = YES;
				SWIFT_VERSION = 5.0;
				TARGETED_DEVICE_FAMILY = "1,2";
			};
			name = Debug;
		};
		E600607A2E11D8FC009D32B1 /* Release */ = {
			isa = XCBuildConfiguration;
			buildSettings = {
				ASSETCATALOG_COMPILER_APPICON_NAME = AppIcon;
				ASSETCATALOG_COMPILER_GLOBAL_ACCENT_COLOR_NAME = AccentColor;
				CODE_SIGN_STYLE = Automatic;
				CURRENT_PROJECT_VERSION = 1;
				DEVELOPMENT_ASSET_PATHS = "\"TopTenVer2/Preview Content\"";
				DEVELOPMENT_TEAM = FP9DU73W5F;
				ENABLE_PREVIEWS = YES;
				GENERATE_INFOPLIST_FILE = YES;
				INFOPLIST_KEY_CFBundleDisplayName = "Top Ten";
				INFOPLIST_KEY_LSApplicationCategoryType = "public.app-category.entertainment";
				INFOPLIST_KEY_UIApplicationSceneManifest_Generation = YES;
				INFOPLIST_KEY_UIApplicationSupportsIndirectInputEvents = YES;
				INFOPLIST_KEY_UILaunchScreen_Generation = YES;
				INFOPLIST_KEY_UISupportedInterfaceOrientations_iPad = "UIInterfaceOrientationPortrait UIInterfaceOrientationPortraitUpsideDown UIInterfaceOrientationLandscapeLeft UIInterfaceOrientationLandscapeRight";
				INFOPLIST_KEY_UISupportedInterfaceOrientations_iPhone = "UIInterfaceOrientationPortrait UIInterfaceOrientationLandscapeLeft UIInterfaceOrientationLandscapeRight";
				LD_RUNPATH_SEARCH_PATHS = (
					"$(inherited)",
					"@executable_path/Frameworks",
				);
				MARKETING_VERSION = 1.0;
				PRODUCT_BUNDLE_IDENTIFIER = nickh.TopTenVer2;
				PRODUCT_NAME = "$(TARGET_NAME)";
				SWIFT_EMIT_LOC_STRINGS = YES;
				SWIFT_VERSION = 5.0;
				TARGETED_DEVICE_FAMILY = "1,2";
			};
			name = Release;
		};
		E600607C2E11D8FC009D32B1 /* Debug */ = {
			isa = XCBuildConfiguration;
			buildSettings = {
				BUNDLE_LOADER = "$(TEST_HOST)";
				CODE_SIGN_STYLE = Automatic;
				CURRENT_PROJECT_VERSION = 1;
				DEVELOPMENT_TEAM = FP9DU73W5F;
				GENERATE_INFOPLIST_FILE = YES;
				IPHONEOS_DEPLOYMENT_TARGET = 18.1;
				MARKETING_VERSION = 1.0;
				PRODUCT_BUNDLE_IDENTIFIER = nickh.TopTenVer2Tests;
				PRODUCT_NAME = "$(TARGET_NAME)";
				SWIFT_EMIT_LOC_STRINGS = NO;
				SWIFT_VERSION = 5.0;
				TARGETED_DEVICE_FAMILY = "1,2";
				TEST_HOST = "$(BUILT_PRODUCTS_DIR)/TopTenVer2.app/$(BUNDLE_EXECUTABLE_FOLDER_PATH)/TopTenVer2";
			};
			name = Debug;
		};
		E600607D2E11D8FC009D32B1 /* Release */ = {
			isa = XCBuildConfiguration;
			buildSettings = {
				BUNDLE_LOADER = "$(TEST_HOST)";
				CODE_SIGN_STYLE = Automatic;
				CURRENT_PROJECT_VERSION = 1;
				DEVELOPMENT_TEAM = FP9DU73W5F;
				GENERATE_INFOPLIST_FILE = YES;
				IPHONEOS_DEPLOYMENT_TARGET = 18.1;
				MARKETING_VERSION = 1.0;
				PRODUCT_BUNDLE_IDENTIFIER = nickh.TopTenVer2Tests;
				PRODUCT_NAME = "$(TARGET_NAME)";
				SWIFT_EMIT_LOC_STRINGS = NO;
				SWIFT_VERSION = 5.0;
				TARGETED_DEVICE_FAMILY = "1,2";
				TEST_HOST = "$(BUILT_PRODUCTS_DIR)/TopTenVer2.app/$(BUNDLE_EXECUTABLE_FOLDER_PATH)/TopTenVer2";
			};
			name = Release;
		};
		E600607F2E11D8FC009D32B1 /* Debug */ = {
			isa = XCBuildConfiguration;
			buildSettings = {
				CODE_SIGN_STYLE = Automatic;
				CURRENT_PROJECT_VERSION = 1;
				DEVELOPMENT_TEAM = FP9DU73W5F;
				GENERATE_INFOPLIST_FILE = YES;
				MARKETING_VERSION = 1.0;
				PRODUCT_BUNDLE_IDENTIFIER = nickh.TopTenVer2UITests;
				PRODUCT_NAME = "$(TARGET_NAME)";
				SWIFT_EMIT_LOC_STRINGS = NO;
				SWIFT_VERSION = 5.0;
				TARGETED_DEVICE_FAMILY = "1,2";
				TEST_TARGET_NAME = TopTenVer2;
			};
			name = Debug;
		};
		E60060802E11D8FC009D32B1 /* Release */ = {
			isa = XCBuildConfiguration;
			buildSettings = {
				CODE_SIGN_STYLE = Automatic;
				CURRENT_PROJECT_VERSION = 1;
				DEVELOPMENT_TEAM = FP9DU73W5F;
				GENERATE_INFOPLIST_FILE = YES;
				MARKETING_VERSION = 1.0;
				PRODUCT_BUNDLE_IDENTIFIER = nickh.TopTenVer2UITests;
				PRODUCT_NAME = "$(TARGET_NAME)";
				SWIFT_EMIT_LOC_STRINGS = NO;
				SWIFT_VERSION = 5.0;
				TARGETED_DEVICE_FAMILY = "1,2";
				TEST_TARGET_NAME = TopTenVer2;
			};
			name = Release;
		};
/* End XCBuildConfiguration section */

/* Begin XCConfigurationList section */
		E600604D2E11D8FB009D32B1 /* Build configuration list for PBXProject "TopTenVer2" */ = {
			isa = XCConfigurationList;
			buildConfigurations = (
				E60060762E11D8FC009D32B1 /* Debug */,
				E60060772E11D8FC009D32B1 /* Release */,
			);
			defaultConfigurationIsVisible = 0;
			defaultConfigurationName = Release;
		};
		E60060782E11D8FC009D32B1 /* Build configuration list for PBXNativeTarget "TopTenVer2" */ = {
			isa = XCConfigurationList;
			buildConfigurations = (
				E60060792E11D8FC009D32B1 /* Debug */,
				E600607A2E11D8FC009D32B1 /* Release */,
			);
			defaultConfigurationIsVisible = 0;
			defaultConfigurationName = Release;
		};
		E600607B2E11D8FC009D32B1 /* Build configuration list for PBXNativeTarget "TopTenVer2Tests" */ = {
			isa = XCConfigurationList;
			buildConfigurations = (
				E600607C2E11D8FC009D32B1 /* Debug */,
				E600607D2E11D8FC009D32B1 /* Release */,
			);
			defaultConfigurationIsVisible = 0;
			defaultConfigurationName = Release;
		};
		E600607E2E11D8FC009D32B1 /* Build configuration list for PBXNativeTarget "TopTenVer2UITests" */ = {
			isa = XCConfigurationList;
			buildConfigurations = (
				E600607F2E11D8FC009D32B1 /* Debug */,
				E60060802E11D8FC009D32B1 /* Release */,
			);
			defaultConfigurationIsVisible = 0;
			defaultConfigurationName = Release;
		};
/* End XCConfigurationList section */
	};
	rootObject = E600604A2E11D8FB009D32B1 /* Project object */;
}
